<?xml version="1.0" encoding="utf-8"?>
<Project ToolsVersion="4.0" xmlns="http://schemas.microsoft.com/developer/msbuild/2003">
  <ItemGroup>
    <Filter Include="Source Files">
      <UniqueIdentifier>{4FC737F1-C7A5-4376-A066-2A32D752A2FF}</UniqueIdentifier>
      <Extensions>cpp;c;cc;cxx;def;odl;idl;hpj;bat;asm;asmx</Extensions>
    </Filter>
    <Filter Include="Header Files">
      <UniqueIdentifier>{93995380-89BD-4b04-88EB-625FBE52EBFB}</UniqueIdentifier>
      <Extensions>h;hh;hpp;hxx;hm;inl;inc;xsd</Extensions>
    </Filter>
    <Filter Include="Resource Files">
      <UniqueIdentifier>{67DA6AB6-F800-4c08-8B7A-83BB121AAD01}</UniqueIdentifier>
      <Extensions>rc;ico;cur;bmp;dlg;rc2;rct;bin;rgs;gif;jpg;jpeg;jpe;resx;tiff;tif;png;wav;mfcribbon-ms</Extensions>
    </Filter>
    <Filter Include="includes465">
      <UniqueIdentifier>{1299e823-404a-460a-acf1-731510eebf84}</UniqueIdentifier>
    </Filter>
  </ItemGroup>
  <ItemGroup>
    <ClCompile Include="Source.cpp">
      <Filter>Source Files</Filter>
    </ClCompile>
  </ItemGroup>
  <ItemGroup>
    <ClInclude Include="SpaceBody.h">
      <Filter>Header Files</Filter>
    </ClInclude>
    <ClInclude Include="..\includes465\triModel465.hpp">
      <Filter>includes465</Filter>
    </ClInclude>
    <ClInclude Include="..\includes465\glmUtils465.hpp">
      <Filter>includes465</Filter>
    </ClInclude>
    <ClInclude Include="..\includes465\include465.hpp">
      <Filter>includes465</Filter>
    </ClInclude>
    <ClInclude Include="..\includes465\shader465.hpp">
      <Filter>includes465</Filter>
    </ClInclude>
    <ClInclude Include="..\includes465\texture.hpp">
      <Filter>includes465</Filter>
    </ClInclude>
  </ItemGroup>
</Project>