<?xml version="1.0" encoding="utf-8"?>
<Project ToolsVersion="4.0" xmlns="http://schemas.microsoft.com/developer/msbuild/2003">
  <ItemGroup>
    <ClCompile Include="Source.cpp" />
  </ItemGroup>
  <ItemGroup>
    <ClInclude Include="..\includes465\glmUtils465.hpp" />
    <ClInclude Include="..\includes465\include465.hpp" />
    <ClInclude Include="..\includes465\shader465.hpp" />
    <ClInclude Include="..\includes465\texture.hpp" />
    <ClInclude Include="..\includes465\triModel465.hpp" />
    <ClInclude Include="Missile.hpp" />
    <ClInclude Include="Object3D.hpp" />
    <ClInclude Include="Warbird.hpp" />
  </ItemGroup>
  <ItemGroup>
    <None Include="axes-r100.tri" />
    <None Include="cube.tri" />
    <None Include="secundus.tri" />
    <None Include="duo.tri" />
    <None Include="Missile.tri" />
    <None Include="MissileSite.tri" />
    <None Include="MountainPlanet.tri" />
    <None Include="obelisk-10-20-10.tri" />
    <None Include="unum.tri" />
    <None Include="simpleFragment.glsl" />
    <None Include="simpleVertex.glsl" />
    <None Include="spaceShip-bs100.tri" />
    <None Include="ruber.tri" />
    <None Include="primus.tri" />
    <None Include="warbird.tri" />
    <None Include="stars.raw" />
  </ItemGroup>
</Project>